{
  "name": "the-better-thing",
  "version": "0.0.0",
  "lockfileVersion": 1,
  "requires": true,
  "dependencies": {
    "@thi.ng/api": {
      "version": "6.4.0",
      "resolved": "https://registry.npmjs.org/@thi.ng/api/-/api-6.4.0.tgz",
      "integrity": "sha512-M7NGkZpn6Clf4AFiXxXyhovXgUtRxu0fxk+JL7+bI/rmRlffEQyMCq2FV2A/ydoExrfXB7ojEJPjKGZehfi/zw==",
      "requires": {
        "@thi.ng/errors": "^1.2.0"
      }
    },
    "@thi.ng/arrays": {
      "version": "0.2.5",
      "resolved": "https://registry.npmjs.org/@thi.ng/arrays/-/arrays-0.2.5.tgz",
      "integrity": "sha512-4WZSUB2oSYJtOGN3PThYacyfgW85BLmL2kx1aQokggrKbJlsBxwMYKPLEGPKlD7eXCzcQiZFxPOQEN7m9CiGwg==",
      "requires": {
        "@thi.ng/api": "^6.4.0",
        "@thi.ng/checks": "^2.4.0",
        "@thi.ng/compare": "^1.0.9",
        "@thi.ng/equiv": "^1.0.9",
        "@thi.ng/errors": "^1.2.0",
        "@thi.ng/random": "^1.1.12"
      }
    },
    "@thi.ng/associative": {
      "version": "3.0.1",
      "resolved": "https://registry.npmjs.org/@thi.ng/associative/-/associative-3.0.1.tgz",
      "integrity": "sha512-k/wO2BJSo9yhAuL4HkFNZwG3bh7QswO4SHO4xXsagGmD3/b2r7QWBOfWPnr9yU6idKrMwyy943YjglT66NN2IA==",
      "requires": {
        "@thi.ng/api": "^6.4.0",
        "@thi.ng/binary": "^1.1.0",
        "@thi.ng/checks": "^2.4.0",
        "@thi.ng/compare": "^1.0.9",
        "@thi.ng/dcons": "^2.1.5",
        "@thi.ng/equiv": "^1.0.9",
        "@thi.ng/errors": "^1.2.0",
        "@thi.ng/transducers": "^5.4.5"
      }
    },
    "@thi.ng/atom": {
      "version": "3.1.0",
      "resolved": "https://registry.npmjs.org/@thi.ng/atom/-/atom-3.1.0.tgz",
      "integrity": "sha512-ZCqYCp0DsemUSKccKOgEbZlStg30U9Dm8x+bW92DbqSXMvLbGLn2Aw2DllcAu05zms8x5faMUMJxbQ1PzRbrCQ==",
      "requires": {
        "@thi.ng/api": "^6.4.0",
        "@thi.ng/checks": "^2.4.0",
        "@thi.ng/equiv": "^1.0.9",
        "@thi.ng/errors": "^1.2.0",
        "@thi.ng/paths": "^2.1.5"
      }
    },
    "@thi.ng/binary": {
      "version": "1.1.0",
      "resolved": "https://registry.npmjs.org/@thi.ng/binary/-/binary-1.1.0.tgz",
      "integrity": "sha512-crEA6jisT+deGsdFjNFLjfpGhY2oI90Ja5ctjIVfCp1GKKhBjlEUrdzUoan8zmC5vT9sUvA2UgLTUCZGxDFlsQ=="
    },
    "@thi.ng/checks": {
      "version": "2.4.0",
      "resolved": "https://registry.npmjs.org/@thi.ng/checks/-/checks-2.4.0.tgz",
      "integrity": "sha512-ayh4oxeyujbNX0qTZyEHQap6P2FBw+bR89ynqFkrP2TcmaYaHMcfSV625iLD+OH0F/3MYOw3PYINudIJ62XqLg=="
    },
    "@thi.ng/compare": {
      "version": "1.0.9",
      "resolved": "https://registry.npmjs.org/@thi.ng/compare/-/compare-1.0.9.tgz",
      "integrity": "sha512-Rdz4qFv5lzFeOa2LorC2TEPN9a1NWt3wVKeINETCXo7rQJvzR8lOAkL+eQcjtBInVGNActhThQ5wLnHWlAQuNg=="
    },
    "@thi.ng/compose": {
      "version": "1.3.4",
      "resolved": "https://registry.npmjs.org/@thi.ng/compose/-/compose-1.3.4.tgz",
      "integrity": "sha512-gw2jTGVMpwLj5EYVigR6EL+yXY7NhkkbjPigfCPYjIST+jSBqQBVO/61xU6By9Prtiq7Umo47MvWlh27EWvSGA==",
      "requires": {
        "@thi.ng/api": "^6.4.0",
        "@thi.ng/errors": "^1.2.0"
      }
    },
    "@thi.ng/dcons": {
      "version": "2.1.5",
      "resolved": "https://registry.npmjs.org/@thi.ng/dcons/-/dcons-2.1.5.tgz",
      "integrity": "sha512-HL0sP+CWgBgRQp8tYqrkHZHQ7RcXZ+26N60KftM+q0KmfTmLlLoRtuMjfRHVKZ3hCMeCUklwyR8ZYsroJLgETg==",
      "requires": {
        "@thi.ng/api": "^6.4.0",
        "@thi.ng/checks": "^2.4.0",
        "@thi.ng/compare": "^1.0.9",
        "@thi.ng/equiv": "^1.0.9",
        "@thi.ng/errors": "^1.2.0",
        "@thi.ng/transducers": "^5.4.5"
      }
    },
    "@thi.ng/defmulti": {
      "version": "1.1.4",
      "resolved": "https://registry.npmjs.org/@thi.ng/defmulti/-/defmulti-1.1.4.tgz",
      "integrity": "sha512-VrftoiJje2Z3Uorp0Ap+LF1t0fvGwg+ctiKq9sfp1iQw60hoY7OiPQ/g9PDE1tEiqsq6j0OMaVi5BIdrCpJ7Gw==",
      "requires": {
        "@thi.ng/api": "^6.4.0",
        "@thi.ng/errors": "^1.2.0"
      }
    },
    "@thi.ng/diff": {
      "version": "3.2.4",
      "resolved": "https://registry.npmjs.org/@thi.ng/diff/-/diff-3.2.4.tgz",
      "integrity": "sha512-FfdyKenGc4ShdyRAEy9S0dyctRcyBGWaVx/6fA2B/I2wtWR91g2Vxny2Cq+1U9bVKCzuFtMZGnOlUyvbEAI2Ew==",
      "requires": {
        "@thi.ng/api": "^6.4.0",
        "@thi.ng/equiv": "^1.0.9"
      }
    },
    "@thi.ng/equiv": {
      "version": "1.0.9",
      "resolved": "https://registry.npmjs.org/@thi.ng/equiv/-/equiv-1.0.9.tgz",
      "integrity": "sha512-xRXzBbCt2fjGR1Vrh1FcY2pcl4JAbuE+a33F8KZIgdUBRmDWIRBT7nDjRf7ihpWts4xVopS4kdRHMeLL+jzN4A=="
    },
    "@thi.ng/errors": {
      "version": "1.2.0",
      "resolved": "https://registry.npmjs.org/@thi.ng/errors/-/errors-1.2.0.tgz",
      "integrity": "sha512-v+kWa1VbbKPEBaN4VAGMdv8ZHiuF1VIR8zPPWvpvZ/adDPv3FI1jyzmikGYQlPtT6ZagQdGnzapsPAoAU2xgAg=="
    },
    "@thi.ng/fsm": {
      "version": "2.2.5",
      "resolved": "https://registry.npmjs.org/@thi.ng/fsm/-/fsm-2.2.5.tgz",
      "integrity": "sha512-3pJKACDcXE3POhyR3QXdaoKRjx6W7vv93+Yk38g0WCxhuz1eHpk1yyFRTObQZckGIRsG3z6WzLf3S407gRGOcQ==",
      "requires": {
        "@thi.ng/api": "^6.4.0",
        "@thi.ng/arrays": "^0.2.5",
        "@thi.ng/equiv": "^1.0.9",
        "@thi.ng/errors": "^1.2.0",
        "@thi.ng/transducers": "^5.4.5"
      }
    },
    "@thi.ng/hdom": {
      "version": "9.0.0-alpha1",
      "resolved": "https://registry.npmjs.org/@thi.ng/hdom/-/hdom-9.0.0-alpha1.tgz",
      "integrity": "sha512-PU2y63ZIHuKj6LNIGI35QXO1pRfmfDcYgrrLOU7vTmfxjBz3yAlBZCV72ZTMMzt/lc3dZ7r/lZa0GyiYiV/URg==",
      "requires": {
        "@thi.ng/api": "^6.4.0",
        "@thi.ng/checks": "^2.4.0",
        "@thi.ng/diff": "^3.2.4",
        "@thi.ng/equiv": "^1.0.9",
        "@thi.ng/errors": "^1.2.0",
        "@thi.ng/hiccup": "^3.2.5"
      }
    },
    "@thi.ng/hiccup": {
      "version": "3.2.5",
      "resolved": "https://registry.npmjs.org/@thi.ng/hiccup/-/hiccup-3.2.5.tgz",
      "integrity": "sha512-bwOcw3oIRaqJxr1B9sQiUw0tlk2EmJLMHKbPR25pDnHvcI+vlKf9dzzcb4rRspuYQOrTaifkyJpnBBWcPRUafQ==",
      "requires": {
        "@thi.ng/checks": "^2.4.0",
        "@thi.ng/errors": "^1.2.0"
      }
    },
    "@thi.ng/hiccup-markdown": {
      "version": "1.1.5",
      "resolved": "https://registry.npmjs.org/@thi.ng/hiccup-markdown/-/hiccup-markdown-1.1.5.tgz",
      "integrity": "sha512-JoCfV8jBzuOWhVC4pUF5Uf6GGI7Ip1VHUBd7HoZ+I4yn11SKibKLxj4gMsFijkvmuxMThF4g7ilCjz8FI4GRpg==",
      "requires": {
        "@thi.ng/arrays": "^0.2.5",
        "@thi.ng/checks": "^2.4.0",
        "@thi.ng/defmulti": "^1.1.4",
        "@thi.ng/errors": "^1.2.0",
        "@thi.ng/fsm": "^2.2.5",
        "@thi.ng/hiccup": "^3.2.5",
        "@thi.ng/strings": "^1.3.0",
        "@thi.ng/transducers": "^5.4.5"
      }
    },
    "@thi.ng/interceptors": {
      "version": "2.2.1",
      "resolved": "https://registry.npmjs.org/@thi.ng/interceptors/-/interceptors-2.2.1.tgz",
      "integrity": "sha512-P/7Ms9yZKkw7ez/WsSMYrVHr0/OXBz6MRoNGyodWL7H5DW143/iInQaUD/JbiLb5npbdgFYpahnBImBk7gLNXg==",
      "requires": {
        "@thi.ng/api": "^6.4.0",
        "@thi.ng/atom": "^3.1.0",
        "@thi.ng/checks": "^2.4.0",
        "@thi.ng/errors": "^1.2.0",
        "@thi.ng/paths": "^2.1.5"
      }
    },
    "@thi.ng/math": {
      "version": "1.4.2",
      "resolved": "https://registry.npmjs.org/@thi.ng/math/-/math-1.4.2.tgz",
      "integrity": "sha512-JWFjU+yrcAyehdknPWanQ/V+mktRF7nz8c4E7Qq0aaxWBYMf46d+q9ISaeYiFzy2h0/BK4LvnHesvChzWsVYFQ=="
    },
    "@thi.ng/memoize": {
      "version": "1.1.4",
      "resolved": "https://registry.npmjs.org/@thi.ng/memoize/-/memoize-1.1.4.tgz",
      "integrity": "sha512-6CvDJbNvdnsIF+qsevm83DVip39fNuUTrmKYlyv24OfofGIgdy3R9ujHRKV4vMhgy0pfLAB5ODYELXNmAKYVKg==",
      "requires": {
        "@thi.ng/api": "^6.4.0"
      }
    },
    "@thi.ng/paths": {
      "version": "2.1.5",
      "resolved": "https://registry.npmjs.org/@thi.ng/paths/-/paths-2.1.5.tgz",
      "integrity": "sha512-HgkoASmZiiJdzshjbmjFJh/YXxPbydelUeCsOEkawJ3PyZDH0L4Bo+aVdQnN0/TmWqn/WaHGvQlo5BJAYLLJ1w==",
      "requires": {
        "@thi.ng/checks": "^2.4.0",
        "@thi.ng/errors": "^1.2.0"
      }
    },
    "@thi.ng/random": {
      "version": "1.1.12",
      "resolved": "https://registry.npmjs.org/@thi.ng/random/-/random-1.1.12.tgz",
      "integrity": "sha512-jb4vWWZHsWfUpnEJ+IHzCR3ZHlc5gGRr1a2hBpZz4ie+zPSpmcWa/jTIvblZCd6fyqcr0fG3HIuuOYj37nlycA==",
      "requires": {
        "@thi.ng/api": "^6.4.0"
      }
    },
    "@thi.ng/rstream": {
      "version": "2.5.5",
      "resolved": "https://registry.npmjs.org/@thi.ng/rstream/-/rstream-2.5.5.tgz",
      "integrity": "sha512-ZpyOFiAnhJYWhAJucJYyfBjAZaZzRtKSefGd12qzzE94lBt0EFFMoE69a28YJgVluSF3FF2FmNK2/BOd2rqHdA==",
      "requires": {
        "@thi.ng/api": "^6.4.0",
        "@thi.ng/associative": "^3.0.1",
        "@thi.ng/atom": "^3.1.0",
        "@thi.ng/checks": "^2.4.0",
        "@thi.ng/errors": "^1.2.0",
        "@thi.ng/paths": "^2.1.5",
        "@thi.ng/transducers": "^5.4.5"
      }
    },
    "@thi.ng/rstream-dot": {
      "version": "1.1.5",
      "resolved": "https://registry.npmjs.org/@thi.ng/rstream-dot/-/rstream-dot-1.1.5.tgz",
      "integrity": "sha512-+MTala/Eqdcy3wZacdL1Fbbos/iiMga+ASYUK9ehLCLL25TI6lRpUlXacN6ny7PRx+QCKipj55xJoY4+/AY23Q==",
      "requires": {
        "@thi.ng/rstream": "^2.5.5"
      }
    },
    "@thi.ng/rstream-query": {
      "version": "1.1.5",
      "resolved": "https://registry.npmjs.org/@thi.ng/rstream-query/-/rstream-query-1.1.5.tgz",
      "integrity": "sha512-qyOZ9EaimghWD2B0ew/zpkUSfxKB6u620Mh9HmFVM/hFrgi+lSvH1JeYMzsorYBd+CVF0UvnLOoRHY2Unww7BQ==",
      "requires": {
        "@thi.ng/api": "^6.4.0",
        "@thi.ng/associative": "^3.0.1",
        "@thi.ng/checks": "^2.4.0",
        "@thi.ng/equiv": "^1.0.9",
        "@thi.ng/errors": "^1.2.0",
        "@thi.ng/math": "^1.4.2",
        "@thi.ng/rstream": "^2.5.5",
        "@thi.ng/rstream-dot": "^1.1.5",
        "@thi.ng/transducers": "^5.4.5"
      }
    },
    "@thi.ng/strings": {
      "version": "1.3.0",
      "resolved": "https://registry.npmjs.org/@thi.ng/strings/-/strings-1.3.0.tgz",
      "integrity": "sha512-jZF8/FNVPKmDDAlTaWXeShJ38I+w+rVxY1xyqhqy08/l62IRrHLJWNELVuCzWsc3vMWJmVDw5RsR6Q2PtPha9g==",
      "requires": {
        "@thi.ng/errors": "^1.2.0",
        "@thi.ng/memoize": "^1.1.4"
      }
    },
    "@thi.ng/transducers": {
      "version": "5.4.5",
      "resolved": "https://registry.npmjs.org/@thi.ng/transducers/-/transducers-5.4.5.tgz",
      "integrity": "sha512-LwtluJdIn7wLnYoPAtfmMfxCdwZG7xARK7/KXvZXUmDosfhBHCkyr4J3gphssy9NP8nSDvYjEwIIiDlOq221pw==",
      "requires": {
        "@thi.ng/api": "^6.4.0",
        "@thi.ng/arrays": "^0.2.5",
        "@thi.ng/checks": "^2.4.0",
        "@thi.ng/compare": "^1.0.9",
        "@thi.ng/compose": "^1.3.4",
        "@thi.ng/equiv": "^1.0.9",
        "@thi.ng/errors": "^1.2.0",
        "@thi.ng/random": "^1.1.12",
        "@thi.ng/strings": "^1.3.0"
      }
    },
    "@thi.ng/transducers-fsm": {
      "version": "1.1.5",
      "resolved": "https://registry.npmjs.org/@thi.ng/transducers-fsm/-/transducers-fsm-1.1.5.tgz",
      "integrity": "sha512-GvK3fvlbP7sry3qi9X/KbAGHC5UzyndYrqMo9Pq+M8w4IjbGnh6XWc3F+zFOrZ6JtglUabndg4jdfnZ2YUSiPQ==",
      "requires": {
        "@thi.ng/api": "^6.4.0",
        "@thi.ng/transducers": "^5.4.5"
      }
    },
    "@thi.ng/transducers-hdom": {
      "version": "2.0.30",
      "resolved": "https://registry.npmjs.org/@thi.ng/transducers-hdom/-/transducers-hdom-2.0.30.tgz",
      "integrity": "sha512-NP+ogPH9nbdX4pFw84xjNRkJ2FUs/79h8G3aT6t3hL/MmRFAnvPKLpMl7Q46d78xQcbc95ZGqPEH3+s2fnCj4g==",
      "requires": {
        "@thi.ng/hdom": "^8.0.6",
        "@thi.ng/hiccup": "^3.2.5",
        "@thi.ng/transducers": "^5.4.5"
      },
      "dependencies": {
        "@thi.ng/hdom": {
          "version": "8.0.6",
          "resolved": "https://registry.npmjs.org/@thi.ng/hdom/-/hdom-8.0.6.tgz",
          "integrity": "sha512-USK1aiJYQLiyr3DfgbSkBp0DCskOYnqcgsNl2uDlWgJj3pgRyeE2rXct1EBC69QDq6eOsgP7CDrcro+8FsrtQQ==",
          "requires": {
            "@thi.ng/api": "^6.4.0",
            "@thi.ng/checks": "^2.4.0",
            "@thi.ng/diff": "^3.2.4",
            "@thi.ng/equiv": "^1.0.9",
            "@thi.ng/errors": "^1.2.0",
            "@thi.ng/hiccup": "^3.2.5"
          }
        }
      }
    },
    "@types/estree": {
      "version": "0.0.39",
      "resolved": "https://registry.npmjs.org/@types/estree/-/estree-0.0.39.tgz",
      "integrity": "sha512-EYNwp3bU+98cpU4lAWYYL7Zz+2gryWH1qbdDTidVd6hkiR6weksdbMadyXKXNPEkQFhXM+hVO9ZygomHXp+AIw==",
      "dev": true
    },
    "@types/node": {
      "version": "12.0.10",
      "resolved": "https://registry.npmjs.org/@types/node/-/node-12.0.10.tgz",
      "integrity": "sha512-LcsGbPomWsad6wmMNv7nBLw7YYYyfdYcz6xryKYQhx89c3XXan+8Q6AJ43G5XDIaklaVkK3mE4fCb0SBvMiPSQ==",
      "dev": true
    },
    "@types/ws": {
      "version": "6.0.3",
      "resolved": "https://registry.npmjs.org/@types/ws/-/ws-6.0.3.tgz",
      "integrity": "sha512-yBTM0P05Tx9iXGq00BbJPo37ox68R5vaGTXivs6RGh/BQ6QP5zqZDGWdAO6JbRE/iR1l80xeGAwCQS2nMV9S/w==",
      "dev": true,
      "requires": {
        "@types/node": "*"
      }
    },
    "acorn": {
      "version": "7.1.0",
      "resolved": "https://registry.npmjs.org/acorn/-/acorn-7.1.0.tgz",
      "integrity": "sha512-kL5CuoXA/dgxlBbVrflsflzQ3PAas7RYZB52NOm/6839iVYJgKMJ3cQJD+t2i5+qFa8h3MDpEOJiS64E8JLnSQ==",
      "dev": true
    },
    "amdefine": {
      "version": "1.0.1",
      "resolved": "https://registry.npmjs.org/amdefine/-/amdefine-1.0.1.tgz",
      "integrity": "sha1-SlKCrBZHKek2Gbz9OtFR+BfOkfU=",
      "dev": true
    },
    "async-limiter": {
      "version": "1.0.1",
      "resolved": "https://registry.npmjs.org/async-limiter/-/async-limiter-1.0.1.tgz",
      "integrity": "sha512-csOlWGAcRFJaI6m+F2WKdnMKr4HhdhFVBk0H/QbJFMCr+uO2kwohwXQPxw/9OCxp05r5ghVBFSyioixx3gfkNQ=="
    },
    "balanced-match": {
      "version": "1.0.0",
      "resolved": "https://registry.npmjs.org/balanced-match/-/balanced-match-1.0.0.tgz",
      "integrity": "sha1-ibTRmasr7kneFk6gK4nORi1xt2c=",
      "dev": true
    },
    "brace-expansion": {
      "version": "1.1.11",
      "resolved": "https://registry.npmjs.org/brace-expansion/-/brace-expansion-1.1.11.tgz",
      "integrity": "sha512-iCuPHDFgrHX7H2vEI/5xpz07zSHB00TpugqhmYtVmMO6518mCuRMoOYFldEBl0g187ufozdaHgWKcYFb61qGiA==",
      "dev": true,
      "requires": {
        "balanced-match": "^1.0.0",
        "concat-map": "0.0.1"
      }
    },
    "concat-map": {
      "version": "0.0.1",
      "resolved": "https://registry.npmjs.org/concat-map/-/concat-map-0.0.1.tgz",
      "integrity": "sha1-2Klr13/Wjfd5OnMDajug1UBdR3s=",
      "dev": true
    },
    "css-parse": {
      "version": "1.7.0",
      "resolved": "https://registry.npmjs.org/css-parse/-/css-parse-1.7.0.tgz",
      "integrity": "sha1-Mh9s9zeCpv91ERE5D8BeLGV9jJs=",
      "dev": true
    },
    "d3-dispatch": {
      "version": "1.0.5",
      "resolved": "https://registry.npmjs.org/d3-dispatch/-/d3-dispatch-1.0.5.tgz",
      "integrity": "sha512-vwKx+lAqB1UuCeklr6Jh1bvC4SZgbSqbkGBLClItFBIYH4vqDJCA7qfoy14lXmJdnBOdxndAMxjCbImJYW7e6g=="
    },
    "d3-force": {
      "version": "2.0.1",
      "resolved": "https://registry.npmjs.org/d3-force/-/d3-force-2.0.1.tgz",
      "integrity": "sha512-zh73/N6+MElRojiUG7vmn+3vltaKon7iD5vB/7r9nUaBeftXMzRo5IWEG63DLBCto4/8vr9i3m9lwr1OTJNiCg==",
      "requires": {
        "d3-dispatch": "1",
        "d3-quadtree": "1",
        "d3-timer": "1"
      }
    },
    "d3-quadtree": {
      "version": "1.0.6",
      "resolved": "https://registry.npmjs.org/d3-quadtree/-/d3-quadtree-1.0.6.tgz",
      "integrity": "sha512-NUgeo9G+ENQCQ1LsRr2qJg3MQ4DJvxcDNCiohdJGHt5gRhBW6orIB5m5FJ9kK3HNL8g9F4ERVoBzcEwQBfXWVA=="
    },
    "d3-require": {
      "version": "1.2.2",
      "resolved": "https://registry.npmjs.org/d3-require/-/d3-require-1.2.2.tgz",
      "integrity": "sha512-ZavUWWNjgv+mkORr49dzmKa8KrI6HfBQ5T2GzXZZaIfs/aaf7aeGtcZuJu4MCfJq5IERrHowjFici8MwLmHlYQ=="
    },
    "d3-timer": {
      "version": "1.0.9",
      "resolved": "https://registry.npmjs.org/d3-timer/-/d3-timer-1.0.9.tgz",
      "integrity": "sha512-rT34J5HnQUHhcLvhSB9GjCkN0Ddd5Y8nCwDBG2u6wQEeYxT/Lf51fTFFkldeib/sE/J0clIe0pnCfs6g/lRbyg=="
    },
    "debug": {
      "version": "2.6.9",
      "resolved": "https://registry.npmjs.org/debug/-/debug-2.6.9.tgz",
      "integrity": "sha512-bC7ElrdJaJnPbAP+1EotYvqZsb3ecl5wi6Bfi6BJTUcNowp6cvspg0jXznRTKDjm/E7AdgFBVeAPVMNcKGsHMA==",
      "dev": true,
      "requires": {
        "ms": "2.0.0"
      }
    },
    "fs.realpath": {
      "version": "1.0.0",
      "resolved": "https://registry.npmjs.org/fs.realpath/-/fs.realpath-1.0.0.tgz",
      "integrity": "sha1-FQStJSMVjKpA20onh8sBQRmU6k8=",
      "dev": true
    },
    "glob": {
      "version": "7.0.6",
      "resolved": "https://registry.npmjs.org/glob/-/glob-7.0.6.tgz",
      "integrity": "sha1-IRuvr0nlJbjNkyYNFKsTYVKz9Xo=",
      "dev": true,
      "requires": {
        "fs.realpath": "^1.0.0",
        "inflight": "^1.0.4",
        "inherits": "2",
        "minimatch": "^3.0.2",
        "once": "^1.3.0",
        "path-is-absolute": "^1.0.0"
      }
    },
    "inflight": {
      "version": "1.0.6",
      "resolved": "https://registry.npmjs.org/inflight/-/inflight-1.0.6.tgz",
      "integrity": "sha1-Sb1jMdfQLQwJvJEKEHW6gWW1bfk=",
      "dev": true,
      "requires": {
        "once": "^1.3.0",
        "wrappy": "1"
      }
    },
    "inherits": {
      "version": "2.0.3",
      "resolved": "https://registry.npmjs.org/inherits/-/inherits-2.0.3.tgz",
      "integrity": "sha1-Yzwsg+PaQqUC9SRmAiSA9CCCYd4=",
      "dev": true
    },
    "minimatch": {
      "version": "3.0.4",
      "resolved": "https://registry.npmjs.org/minimatch/-/minimatch-3.0.4.tgz",
      "integrity": "sha512-yJHVQEhyqPLUTgt9B83PXu6W3rx4MvvHvSUvToogpwoGDOUQ+yDrR0HRot+yOCdCO7u4hX3pWft6kWBBcqh0UA==",
      "dev": true,
      "requires": {
        "brace-expansion": "^1.1.7"
      }
    },
    "mkdirp": {
      "version": "0.5.1",
      "resolved": "https://registry.npmjs.org/mkdirp/-/mkdirp-0.5.1.tgz",
      "integrity": "sha1-MAV0OOrGz3+MR2fzhkjWaX11yQM=",
      "dev": true,
      "requires": {
        "minimist": "0.0.8"
      },
      "dependencies": {
        "minimist": {
          "version": "0.0.8",
          "resolved": "https://registry.npmjs.org/minimist/-/minimist-0.0.8.tgz",
          "integrity": "sha1-hX/Kv8M5fSYluCKCYuhqp6ARsF0=",
          "dev": true
        }
      }
    },
    "ms": {
      "version": "2.0.0",
      "resolved": "https://registry.npmjs.org/ms/-/ms-2.0.0.tgz",
      "integrity": "sha1-VgiurfwAvmwpAd9fmGF4jeDVl8g=",
      "dev": true
    },
    "once": {
      "version": "1.4.0",
      "resolved": "https://registry.npmjs.org/once/-/once-1.4.0.tgz",
      "integrity": "sha1-WDsap3WWHUsROsF9nFC6753Xa9E=",
      "dev": true,
      "requires": {
        "wrappy": "1"
      }
    },
    "path-is-absolute": {
      "version": "1.0.1",
      "resolved": "https://registry.npmjs.org/path-is-absolute/-/path-is-absolute-1.0.1.tgz",
      "integrity": "sha1-F0uSaHNVNP+8es5r9TpanhtcX18=",
      "dev": true
    },
    "prettier": {
      "version": "1.18.2",
      "resolved": "https://registry.npmjs.org/prettier/-/prettier-1.18.2.tgz",
      "integrity": "sha512-OeHeMc0JhFE9idD4ZdtNibzY0+TPHSpSSb9h8FqtP+YnoZZ1sl8Vc9b1sasjfymH3SonAF4QcA2+mzHPhMvIiw==",
      "dev": true
    },
    "requirejs": {
      "version": "2.3.6",
      "resolved": "https://registry.npmjs.org/requirejs/-/requirejs-2.3.6.tgz",
      "integrity": "sha512-ipEzlWQe6RK3jkzikgCupiTbTvm4S0/CAU5GlgptkN5SO6F3u0UD0K18wy6ErDqiCyP4J4YYe1HuAShvsxePLg=="
    },
    "rollup": {
      "version": "1.26.0",
      "resolved": "https://registry.npmjs.org/rollup/-/rollup-1.26.0.tgz",
      "integrity": "sha512-5HljNYn9icFvXX+Oe97qY5TWvnWhKqgGT0HGeWWqFPx7w7+Anzg7dfHMtUif7YYy6QxAgynDSwK6uxbgcrVUxw==",
      "dev": true,
      "requires": {
        "@types/estree": "*",
        "@types/node": "*",
        "acorn": "^7.1.0"
      }
    },
    "sax": {
      "version": "0.5.8",
      "resolved": "https://registry.npmjs.org/sax/-/sax-0.5.8.tgz",
      "integrity": "sha1-1HLbIo6zMcJQaw6MFVJK25OdEsE=",
      "dev": true
    },
    "stylus": {
      "version": "0.54.5",
      "resolved": "https://registry.npmjs.org/stylus/-/stylus-0.54.5.tgz",
      "integrity": "sha1-QrlWCTHKcJDOhRWnmLqeaqPW3Hk=",
      "dev": true,
      "requires": {
        "css-parse": "1.7.x",
        "debug": "*",
        "glob": "7.0.x",
        "mkdirp": "0.5.x",
        "sax": "0.5.x",
        "source-map": "0.1.x"
      },
      "dependencies": {
        "source-map": {
          "version": "0.1.43",
          "resolved": "https://registry.npmjs.org/source-map/-/source-map-0.1.43.tgz",
          "integrity": "sha1-wkvBRspRfBRx9drL4lcbK3+eM0Y=",
          "dev": true,
          "requires": {
            "amdefine": ">=0.0.4"
          }
        }
      }
    },
    "tslib": {
      "version": "1.10.0",
      "resolved": "https://registry.npmjs.org/tslib/-/tslib-1.10.0.tgz",
      "integrity": "sha512-qOebF53frne81cf0S9B41ByenJ3/IuH8yJKngAX35CmiZySA0khhkovshKK+jGCaMnVomla7gVlIcc3EvKPbTQ=="
    },
    "typescript": {
      "version": "3.7.1-rc",
      "resolved": "https://registry.npmjs.org/typescript/-/typescript-3.7.1-rc.tgz",
      "integrity": "sha512-2rMtWppLsaPvmpXsoIAXWDBQVnJMw1ITGGSnidMuayLj9iCmMRT69ncKZw/Mk5rXfJkilApKucWQZxproALoRw==",
      "dev": true
    },
    "wrappy": {
      "version": "1.0.2",
      "resolved": "https://registry.npmjs.org/wrappy/-/wrappy-1.0.2.tgz",
      "integrity": "sha1-tSQ9jz7BqjXxNkYFvA0QNuMKtp8=",
      "dev": true
    },
    "ws": {
      "version": "7.2.0",
      "resolved": "https://registry.npmjs.org/ws/-/ws-7.2.0.tgz",
      "integrity": "sha512-+SqNqFbwTm/0DC18KYzIsMTnEWpLwJsiasW/O17la4iDRRIO9uaHbvKiAS3AHgTiuuWerK/brj4O6MYZkei9xg==",
      "requires": {
        "async-limiter": "^1.0.0"
      }
    }
  }
}
