{
  "name": "the-better-thing",
  "version": "0.0.0",
  "lockfileVersion": 1,
  "requires": true,
  "dependencies": {
    "@thi.ng/api": {
      "version": "6.6.0",
      "resolved": "https://registry.npmjs.org/@thi.ng/api/-/api-6.6.0.tgz",
      "integrity": "sha512-CG4jxoidxdTNAVdGEGj9nLwOts37BszTWSl3RejFL/K2yOxEkB77c0zfvz19sSZVfUWv5dDWgXewbYwBnHvKlA=="
    },
    "@thi.ng/arrays": {
      "version": "0.4.0",
      "resolved": "https://registry.npmjs.org/@thi.ng/arrays/-/arrays-0.4.0.tgz",
      "integrity": "sha512-61tCTALoWeOUaiMdvfHTePQE93erfVmdUBA4unrdPPtjfANjywGhQ6Fzo502jAf5+YUZCz16LeG8sJqU3tOG4Q==",
      "requires": {
        "@thi.ng/api": "^6.6.0",
        "@thi.ng/checks": "^2.4.2",
        "@thi.ng/compare": "^1.1.0",
        "@thi.ng/equiv": "^1.0.11",
        "@thi.ng/errors": "^1.2.2",
        "@thi.ng/random": "^1.1.14"
      }
    },
    "@thi.ng/associative": {
      "version": "3.1.1",
      "resolved": "https://registry.npmjs.org/@thi.ng/associative/-/associative-3.1.1.tgz",
      "integrity": "sha512-XgnerVyXHITf3fzACBvv++5h9fuJ9Xnd8ncPxVIjqwjAsngFzMLT94NsCdzDK+6wHvx/KCJCUjj1+5eZgLR3NQ==",
      "requires": {
        "@thi.ng/api": "^6.6.0",
        "@thi.ng/binary": "^1.2.0",
        "@thi.ng/checks": "^2.4.2",
        "@thi.ng/compare": "^1.1.0",
        "@thi.ng/dcons": "^2.2.0",
        "@thi.ng/equiv": "^1.0.11",
        "@thi.ng/errors": "^1.2.2",
        "@thi.ng/transducers": "^6.1.0"
      }
    },
    "@thi.ng/atom": {
      "version": "3.1.2",
      "resolved": "https://registry.npmjs.org/@thi.ng/atom/-/atom-3.1.2.tgz",
      "integrity": "sha512-lA1mZtslzYgUTuma7/8RIDsV+1EI/al2mUK/awB0we6G4lMeUq1GnVRQStoWLM3iNmHY8LH79TSjOroDTyzgdg==",
      "requires": {
        "@thi.ng/api": "^6.6.0",
        "@thi.ng/checks": "^2.4.2",
        "@thi.ng/equiv": "^1.0.11",
        "@thi.ng/errors": "^1.2.2",
        "@thi.ng/paths": "^3.0.0"
      }
    },
    "@thi.ng/binary": {
      "version": "1.2.0",
      "resolved": "https://registry.npmjs.org/@thi.ng/binary/-/binary-1.2.0.tgz",
      "integrity": "sha512-6X85YFOuxD5LHUbOYq/7t/A0OkJHkJDSDvvJ4SF7rrl+4/UVS2LoilX6yTd8JAr1o2b3l0C/fC7Tm33gYcD0lQ=="
    },
    "@thi.ng/checks": {
      "version": "2.4.2",
      "resolved": "https://registry.npmjs.org/@thi.ng/checks/-/checks-2.4.2.tgz",
      "integrity": "sha512-D+PDzvccjFTByOyx6abNagKJJwiy+JlW/laxhyd7RXamD2I/kjJbs8IDMXn6T4TSOTyqJqjEYXSxe5hibKsElQ=="
    },
    "@thi.ng/compare": {
      "version": "1.1.0",
      "resolved": "https://registry.npmjs.org/@thi.ng/compare/-/compare-1.1.0.tgz",
      "integrity": "sha512-GVvvBS76gRMw8fczbnzRDr3qfpXkLXPaYJ+ZGZi782sgRF6Zs9SBx7geUw0WUMTF8wUmuww6pk6FnSpnsF1enA=="
    },
    "@thi.ng/compose": {
      "version": "1.3.6",
      "resolved": "https://registry.npmjs.org/@thi.ng/compose/-/compose-1.3.6.tgz",
      "integrity": "sha512-anCFAQqnfOjPXGkkAptJE9gMBtD4jMJc/2sETLl09M3BUMCj3i6We1tCJ9ljcoXwO+jgscTAaMOopiOwslO0SA==",
      "requires": {
        "@thi.ng/api": "^6.6.0",
        "@thi.ng/errors": "^1.2.2"
      }
    },
    "@thi.ng/csp": {
      "version": "1.1.7",
      "resolved": "https://registry.npmjs.org/@thi.ng/csp/-/csp-1.1.7.tgz",
      "integrity": "sha512-XonNmlZecBqP+3Pe+Dx4TCZxati9mldxOFBRc6ulqZzo6c+OHcV9l24P3Zq1Z3oMCarU8efJRDxPI2dxLsR2rg==",
      "requires": {
        "@thi.ng/api": "^6.6.0",
        "@thi.ng/arrays": "^0.4.0",
        "@thi.ng/checks": "^2.4.2",
        "@thi.ng/dcons": "^2.2.0",
        "@thi.ng/errors": "^1.2.2",
        "@thi.ng/transducers": "^6.1.0"
      }
    },
    "@thi.ng/dcons": {
      "version": "2.2.0",
      "resolved": "https://registry.npmjs.org/@thi.ng/dcons/-/dcons-2.2.0.tgz",
      "integrity": "sha512-y5F+jQ/20BYu53ctDUWYtt7EC0/t+0+J+QZolGuTPAJqglpCcGYjhjXFatEwLkwbwuEsmJsFmI3FHI9ZeIBuIg==",
      "requires": {
        "@thi.ng/api": "^6.6.0",
        "@thi.ng/checks": "^2.4.2",
        "@thi.ng/compare": "^1.1.0",
        "@thi.ng/equiv": "^1.0.11",
        "@thi.ng/errors": "^1.2.2",
        "@thi.ng/random": "^1.1.14",
        "@thi.ng/transducers": "^6.1.0"
      }
    },
    "@thi.ng/defmulti": {
      "version": "1.2.1",
      "resolved": "https://registry.npmjs.org/@thi.ng/defmulti/-/defmulti-1.2.1.tgz",
      "integrity": "sha512-Xx1KX2hEYpENZaSFZVELanOp8YcvPx8jANpUa3rh/V6NiXHAksUTntTWEmU2E62KB9J03fhZE4oWw/TbuedwbA==",
      "requires": {
        "@thi.ng/api": "^6.6.0",
        "@thi.ng/errors": "^1.2.2"
      }
    },
    "@thi.ng/dgraph": {
      "version": "1.1.17",
      "resolved": "https://registry.npmjs.org/@thi.ng/dgraph/-/dgraph-1.1.17.tgz",
      "integrity": "sha512-TqIdwj8bQFDwt1IiW1T7tnQLW/zMkuvD4tZTvW+CMHWthelbe7BD6viglG3AJS1eJHe+vH+OQS8f7Tj7pmDHAg==",
      "requires": {
        "@thi.ng/api": "^6.6.0",
        "@thi.ng/associative": "^3.1.1",
        "@thi.ng/equiv": "^1.0.11",
        "@thi.ng/errors": "^1.2.2",
        "@thi.ng/transducers": "^6.1.0"
      }
    },
    "@thi.ng/diff": {
      "version": "3.2.6",
      "resolved": "https://registry.npmjs.org/@thi.ng/diff/-/diff-3.2.6.tgz",
      "integrity": "sha512-An/tWWPEzxKdVA0dUpTBX3WVQxtoOFGG5uhfcrzQRHLyzko7aAS7jROBKFQPkxc9C6qOSr/onlnJFMuLRFJNZQ==",
      "requires": {
        "@thi.ng/api": "^6.6.0",
        "@thi.ng/equiv": "^1.0.11"
      }
    },
    "@thi.ng/equiv": {
      "version": "1.0.11",
      "resolved": "https://registry.npmjs.org/@thi.ng/equiv/-/equiv-1.0.11.tgz",
      "integrity": "sha512-LeiXr/ndtRS8VzEURFUiw0foHBYOlGBZLo15Wk/YmWV4bqWqqBk+brBuR/9VJsDTO2112wDE8YuALBdciHLdjA=="
    },
    "@thi.ng/errors": {
      "version": "1.2.2",
      "resolved": "https://registry.npmjs.org/@thi.ng/errors/-/errors-1.2.2.tgz",
      "integrity": "sha512-M0T8m+H+FDAFi6Oe8FTYQWTBgx+xrwsstiH4KzSUGjDGmJ7Hi/FSfwmBPIslrRVnrnJKwBk41aYQ1tk3J6CNKw=="
    },
    "@thi.ng/fsm": {
      "version": "2.3.1",
      "resolved": "https://registry.npmjs.org/@thi.ng/fsm/-/fsm-2.3.1.tgz",
      "integrity": "sha512-JToSmyGr5FANvbNb0HoOxaanvU1AkkpevSdjvOjzCqRl5DC+Vjz/bcjV2opcsEVA90Vc5vl2YSVTM+QD3R3zUQ==",
      "requires": {
        "@thi.ng/api": "^6.6.0",
        "@thi.ng/arrays": "^0.4.0",
        "@thi.ng/equiv": "^1.0.11",
        "@thi.ng/errors": "^1.2.2",
        "@thi.ng/transducers": "^6.1.0"
      }
    },
    "@thi.ng/hdom": {
      "version": "8.0.8",
      "resolved": "https://registry.npmjs.org/@thi.ng/hdom/-/hdom-8.0.8.tgz",
      "integrity": "sha512-KsUEVLbC06wm3t17GUy2UewdVICB8aPUMNreW3JWzKPP5PXN5pI3qClqz1idNCMrwioCrYhpvfEj3z/ZpJD2Gw==",
      "requires": {
        "@thi.ng/api": "^6.6.0",
        "@thi.ng/checks": "^2.4.2",
        "@thi.ng/diff": "^3.2.6",
        "@thi.ng/equiv": "^1.0.11",
        "@thi.ng/errors": "^1.2.2",
        "@thi.ng/hiccup": "^3.2.7"
      }
    },
    "@thi.ng/hiccup": {
      "version": "3.2.7",
      "resolved": "https://registry.npmjs.org/@thi.ng/hiccup/-/hiccup-3.2.7.tgz",
      "integrity": "sha512-GOlgVMW8OCWTEOuFtG0oUtbINPAavOjJ3stZ3o6G0v29orpY7m95/zs8Vi4YiF+hwj7xb37UT/xlY7hUsiwtzw==",
      "requires": {
        "@thi.ng/checks": "^2.4.2",
        "@thi.ng/errors": "^1.2.2"
      }
    },
    "@thi.ng/hiccup-markdown": {
      "version": "1.1.7",
      "resolved": "https://registry.npmjs.org/@thi.ng/hiccup-markdown/-/hiccup-markdown-1.1.7.tgz",
      "integrity": "sha512-W5yJxSU71MGsDrVN7l6JUzbZv7dzuXF5/HQbr5ajvNLEOMBYlYYQlKMDka26uE3A9ywt4vrSLZdc+kQr+7GmkA==",
      "requires": {
        "@thi.ng/arrays": "^0.4.0",
        "@thi.ng/checks": "^2.4.2",
        "@thi.ng/defmulti": "^1.2.1",
        "@thi.ng/errors": "^1.2.2",
        "@thi.ng/fsm": "^2.3.1",
        "@thi.ng/hiccup": "^3.2.7",
        "@thi.ng/strings": "^1.3.2",
        "@thi.ng/transducers": "^6.1.0"
      }
    },
    "@thi.ng/interceptors": {
      "version": "2.2.3",
      "resolved": "https://registry.npmjs.org/@thi.ng/interceptors/-/interceptors-2.2.3.tgz",
      "integrity": "sha512-nULUjQY9ofRefG10u/llxICLz43llM2Cu1CkQX/mIvSDtC6eUIDfiyY6ODlU50Kx9XfVioj0ANacTeilTu8cww==",
      "requires": {
        "@thi.ng/api": "^6.6.0",
        "@thi.ng/atom": "^3.1.2",
        "@thi.ng/checks": "^2.4.2",
        "@thi.ng/errors": "^1.2.2",
        "@thi.ng/paths": "^3.0.0"
      }
    },
    "@thi.ng/iterators": {
      "version": "5.1.7",
      "resolved": "https://registry.npmjs.org/@thi.ng/iterators/-/iterators-5.1.7.tgz",
      "integrity": "sha512-QqSiwOVDgjUfqHz8EEnUU1sI8D05NJiAwKyYFzJnhruHRrOL8jrwjgFUgnF4e7/Zm+JOQogjTIR1LjY/sfMuyA==",
      "requires": {
        "@thi.ng/api": "^6.6.0",
        "@thi.ng/dcons": "^2.2.0",
        "@thi.ng/errors": "^1.2.2"
      }
    },
    "@thi.ng/math": {
      "version": "1.5.1",
      "resolved": "https://registry.npmjs.org/@thi.ng/math/-/math-1.5.1.tgz",
      "integrity": "sha512-CWnp1K1+oAOHAbTFaegg5EWvd0P2JG2dhjfZ+LeNdTu35inG9HddbKrebUTBL40o13hSntGnYYQI3/k9HP/e9Q=="
    },
    "@thi.ng/memoize": {
      "version": "1.1.6",
      "resolved": "https://registry.npmjs.org/@thi.ng/memoize/-/memoize-1.1.6.tgz",
      "integrity": "sha512-D8M5N8DzvuYpMHRSw/tw+4cvty6+ZeXuQgTTAHrK8FeJ9xX8iSS7HRafrVv3qvt/2Y0H/WLGZG5+hzLtxgWU0A==",
      "requires": {
        "@thi.ng/api": "^6.6.0"
      }
    },
    "@thi.ng/paths": {
      "version": "3.0.0",
      "resolved": "https://registry.npmjs.org/@thi.ng/paths/-/paths-3.0.0.tgz",
      "integrity": "sha512-jTZG0zZ7ULAPDA9ZUr4gjz8CJf/4wkCdqQHUmqK1eoBukYd5K3Boi8PnznonKl8hmVMcJSYEhzFxrfGq9huWHw==",
      "requires": {
        "@thi.ng/checks": "^2.4.2",
        "@thi.ng/errors": "^1.2.2"
      }
    },
    "@thi.ng/random": {
      "version": "1.1.14",
      "resolved": "https://registry.npmjs.org/@thi.ng/random/-/random-1.1.14.tgz",
      "integrity": "sha512-+Rn3xZxVsajBIOtqAUMQPszOjP4FhUOFCdEoVypA25rpuLr8cOsuvC05LT4/jDSpQyVGnZstOJvwkRNGzUrbYQ==",
      "requires": {
        "@thi.ng/api": "^6.6.0"
      }
    },
    "@thi.ng/rstream": {
      "version": "3.0.0",
      "resolved": "https://registry.npmjs.org/@thi.ng/rstream/-/rstream-3.0.0.tgz",
      "integrity": "sha512-l/t9rxgxk4G471NPS2ZoXjKoi9EJsSM4nSqRyaETA1bGAhvkPf/VdSe/IcF0z7BNjqm+CLgPmHOHYQZfT5r3og==",
      "requires": {
        "@thi.ng/api": "^6.6.0",
        "@thi.ng/associative": "^3.1.1",
        "@thi.ng/atom": "^3.1.2",
        "@thi.ng/checks": "^2.4.2",
        "@thi.ng/errors": "^1.2.2",
        "@thi.ng/paths": "^3.0.0",
        "@thi.ng/transducers": "^6.1.0"
      }
    },
    "@thi.ng/rstream-dot": {
      "version": "1.1.7",
      "resolved": "https://registry.npmjs.org/@thi.ng/rstream-dot/-/rstream-dot-1.1.7.tgz",
      "integrity": "sha512-pOGZrbFFXfijC0AoDUCTjGqw2qSBh0hVHxKsjJfr1ksTq/G11t+PIvEM4MG8jxrg6GPK3DDFx1va+k3GxSvhFQ==",
      "requires": {
        "@thi.ng/rstream": "^3.0.0"
      }
    },
    "@thi.ng/rstream-query": {
      "version": "1.1.7",
      "resolved": "https://registry.npmjs.org/@thi.ng/rstream-query/-/rstream-query-1.1.7.tgz",
      "integrity": "sha512-bttyfFbmGm1T+ySilhTfEqyHcGiftNHPURUn2QJndFUtVwaGsJOljC4Lui0D7US7Rrk5LRew21l8DFhf1Gr3DQ==",
      "requires": {
        "@thi.ng/api": "^6.6.0",
        "@thi.ng/associative": "^3.1.1",
        "@thi.ng/checks": "^2.4.2",
        "@thi.ng/equiv": "^1.0.11",
        "@thi.ng/errors": "^1.2.2",
        "@thi.ng/math": "^1.5.1",
        "@thi.ng/rstream": "^3.0.0",
        "@thi.ng/rstream-dot": "^1.1.7",
        "@thi.ng/transducers": "^6.1.0"
      }
    },
    "@thi.ng/strings": {
      "version": "1.3.2",
      "resolved": "https://registry.npmjs.org/@thi.ng/strings/-/strings-1.3.2.tgz",
      "integrity": "sha512-eh8Tb6d/wjetROwdtHLiGWTaWyMHBwXoeNSkBElgqNDiDsCU6bi4N8xzfHyRiDJMO1Kft6ZonGmpKfDzPHBT/g==",
      "requires": {
        "@thi.ng/errors": "^1.2.2",
        "@thi.ng/memoize": "^1.1.6"
      }
    },
    "@thi.ng/transducers": {
      "version": "6.1.0",
      "resolved": "https://registry.npmjs.org/@thi.ng/transducers/-/transducers-6.1.0.tgz",
      "integrity": "sha512-rkOncO5lc0pzDkFQ1CBPUaTWxTt9hIB+AcbpgB8q2WTqskHSuz2pIiTZPWB8CB/77v+R73/ejP26i47rQTwMCA==",
      "requires": {
        "@thi.ng/api": "^6.6.0",
        "@thi.ng/arrays": "^0.4.0",
        "@thi.ng/checks": "^2.4.2",
        "@thi.ng/compare": "^1.1.0",
        "@thi.ng/compose": "^1.3.6",
        "@thi.ng/equiv": "^1.0.11",
        "@thi.ng/errors": "^1.2.2",
        "@thi.ng/math": "^1.5.1",
        "@thi.ng/random": "^1.1.14",
        "@thi.ng/strings": "^1.3.2"
      }
    },
    "@thi.ng/transducers-fsm": {
      "version": "1.1.7",
      "resolved": "https://registry.npmjs.org/@thi.ng/transducers-fsm/-/transducers-fsm-1.1.7.tgz",
      "integrity": "sha512-eqC3xNU6Uq255OZ3ya6YYlB1TTNRiQTbc0cwn9jS6aL87bHDk1Whjg3pdmsBPmWbEG2B9pSVENnhVQx0ZspbQA==",
      "requires": {
        "@thi.ng/api": "^6.6.0",
        "@thi.ng/transducers": "^6.1.0"
      }
    },
    "@thi.ng/transducers-hdom": {
      "version": "2.0.32",
      "resolved": "https://registry.npmjs.org/@thi.ng/transducers-hdom/-/transducers-hdom-2.0.32.tgz",
      "integrity": "sha512-UydiyfK2QHa7PgYv3gPPf0kA6Kr3+DjatqLl0J/tZK7d7+bQZt8W+myMMG3K+V642ywbgByYNpyoFThx+FEjKQ==",
      "requires": {
        "@thi.ng/hdom": "^8.0.8",
        "@thi.ng/hiccup": "^3.2.7",
        "@thi.ng/transducers": "^6.1.0"
      }
    },
    "@types/estree": {
      "version": "0.0.39",
      "resolved": "https://registry.npmjs.org/@types/estree/-/estree-0.0.39.tgz",
      "integrity": "sha512-EYNwp3bU+98cpU4lAWYYL7Zz+2gryWH1qbdDTidVd6hkiR6weksdbMadyXKXNPEkQFhXM+hVO9ZygomHXp+AIw==",
      "dev": true
    },
    "@types/node": {
      "version": "12.12.6",
      "resolved": "https://registry.npmjs.org/@types/node/-/node-12.12.6.tgz",
      "integrity": "sha512-FjsYUPzEJdGXjwKqSpE0/9QEh6kzhTAeObA54rn6j3rR4C/mzpI9L0KNfoeASSPMMdxIsoJuCLDWcM/rVjIsSA==",
      "dev": true
    },
    "@types/ws": {
      "version": "6.0.3",
      "resolved": "https://registry.npmjs.org/@types/ws/-/ws-6.0.3.tgz",
      "integrity": "sha512-yBTM0P05Tx9iXGq00BbJPo37ox68R5vaGTXivs6RGh/BQ6QP5zqZDGWdAO6JbRE/iR1l80xeGAwCQS2nMV9S/w==",
      "dev": true,
      "requires": {
        "@types/node": "*"
      }
    },
    "acorn": {
      "version": "7.1.0",
      "resolved": "https://registry.npmjs.org/acorn/-/acorn-7.1.0.tgz",
      "integrity": "sha512-kL5CuoXA/dgxlBbVrflsflzQ3PAas7RYZB52NOm/6839iVYJgKMJ3cQJD+t2i5+qFa8h3MDpEOJiS64E8JLnSQ==",
      "dev": true
    },
    "amdefine": {
      "version": "1.0.1",
      "resolved": "https://registry.npmjs.org/amdefine/-/amdefine-1.0.1.tgz",
      "integrity": "sha1-SlKCrBZHKek2Gbz9OtFR+BfOkfU=",
      "dev": true
    },
    "async-limiter": {
      "version": "1.0.1",
      "resolved": "https://registry.npmjs.org/async-limiter/-/async-limiter-1.0.1.tgz",
      "integrity": "sha512-csOlWGAcRFJaI6m+F2WKdnMKr4HhdhFVBk0H/QbJFMCr+uO2kwohwXQPxw/9OCxp05r5ghVBFSyioixx3gfkNQ=="
    },
    "balanced-match": {
      "version": "1.0.0",
      "resolved": "https://registry.npmjs.org/balanced-match/-/balanced-match-1.0.0.tgz",
      "integrity": "sha1-ibTRmasr7kneFk6gK4nORi1xt2c=",
      "dev": true
    },
    "brace-expansion": {
      "version": "1.1.11",
      "resolved": "https://registry.npmjs.org/brace-expansion/-/brace-expansion-1.1.11.tgz",
      "integrity": "sha512-iCuPHDFgrHX7H2vEI/5xpz07zSHB00TpugqhmYtVmMO6518mCuRMoOYFldEBl0g187ufozdaHgWKcYFb61qGiA==",
      "dev": true,
      "requires": {
        "balanced-match": "^1.0.0",
        "concat-map": "0.0.1"
      }
    },
    "concat-map": {
      "version": "0.0.1",
      "resolved": "https://registry.npmjs.org/concat-map/-/concat-map-0.0.1.tgz",
      "integrity": "sha1-2Klr13/Wjfd5OnMDajug1UBdR3s=",
      "dev": true
    },
    "css-parse": {
      "version": "1.7.0",
      "resolved": "https://registry.npmjs.org/css-parse/-/css-parse-1.7.0.tgz",
      "integrity": "sha1-Mh9s9zeCpv91ERE5D8BeLGV9jJs=",
      "dev": true
    },
    "d3-dispatch": {
      "version": "1.0.5",
      "resolved": "https://registry.npmjs.org/d3-dispatch/-/d3-dispatch-1.0.5.tgz",
      "integrity": "sha512-vwKx+lAqB1UuCeklr6Jh1bvC4SZgbSqbkGBLClItFBIYH4vqDJCA7qfoy14lXmJdnBOdxndAMxjCbImJYW7e6g=="
    },
    "d3-force": {
      "version": "2.0.1",
      "resolved": "https://registry.npmjs.org/d3-force/-/d3-force-2.0.1.tgz",
      "integrity": "sha512-zh73/N6+MElRojiUG7vmn+3vltaKon7iD5vB/7r9nUaBeftXMzRo5IWEG63DLBCto4/8vr9i3m9lwr1OTJNiCg==",
      "requires": {
        "d3-dispatch": "1",
        "d3-quadtree": "1",
        "d3-timer": "1"
      }
    },
    "d3-quadtree": {
      "version": "1.0.6",
      "resolved": "https://registry.npmjs.org/d3-quadtree/-/d3-quadtree-1.0.6.tgz",
      "integrity": "sha512-NUgeo9G+ENQCQ1LsRr2qJg3MQ4DJvxcDNCiohdJGHt5gRhBW6orIB5m5FJ9kK3HNL8g9F4ERVoBzcEwQBfXWVA=="
    },
    "d3-require": {
      "version": "1.2.2",
      "resolved": "https://registry.npmjs.org/d3-require/-/d3-require-1.2.2.tgz",
      "integrity": "sha512-ZavUWWNjgv+mkORr49dzmKa8KrI6HfBQ5T2GzXZZaIfs/aaf7aeGtcZuJu4MCfJq5IERrHowjFici8MwLmHlYQ=="
    },
    "d3-timer": {
      "version": "1.0.9",
      "resolved": "https://registry.npmjs.org/d3-timer/-/d3-timer-1.0.9.tgz",
      "integrity": "sha512-rT34J5HnQUHhcLvhSB9GjCkN0Ddd5Y8nCwDBG2u6wQEeYxT/Lf51fTFFkldeib/sE/J0clIe0pnCfs6g/lRbyg=="
    },
    "debug": {
      "version": "4.1.1",
      "resolved": "https://registry.npmjs.org/debug/-/debug-4.1.1.tgz",
      "integrity": "sha512-pYAIzeRo8J6KPEaJ0VWOh5Pzkbw/RetuzehGM7QRRX5he4fPHx2rdKMB256ehJCkX+XRQm16eZLqLNS8RSZXZw==",
      "dev": true,
      "requires": {
        "ms": "^2.1.1"
      }
    },
    "fs.realpath": {
      "version": "1.0.0",
      "resolved": "https://registry.npmjs.org/fs.realpath/-/fs.realpath-1.0.0.tgz",
      "integrity": "sha1-FQStJSMVjKpA20onh8sBQRmU6k8=",
      "dev": true
    },
    "glob": {
      "version": "7.0.6",
      "resolved": "https://registry.npmjs.org/glob/-/glob-7.0.6.tgz",
      "integrity": "sha1-IRuvr0nlJbjNkyYNFKsTYVKz9Xo=",
      "dev": true,
      "requires": {
        "fs.realpath": "^1.0.0",
        "inflight": "^1.0.4",
        "inherits": "2",
        "minimatch": "^3.0.2",
        "once": "^1.3.0",
        "path-is-absolute": "^1.0.0"
      }
    },
    "inflight": {
      "version": "1.0.6",
      "resolved": "https://registry.npmjs.org/inflight/-/inflight-1.0.6.tgz",
      "integrity": "sha1-Sb1jMdfQLQwJvJEKEHW6gWW1bfk=",
      "dev": true,
      "requires": {
        "once": "^1.3.0",
        "wrappy": "1"
      }
    },
    "inherits": {
      "version": "2.0.4",
      "resolved": "https://registry.npmjs.org/inherits/-/inherits-2.0.4.tgz",
      "integrity": "sha512-k/vGaX4/Yla3WzyMCvTQOXYeIHvqOKtnqBduzTHpzpQZzAskKMhZ2K+EnBiSM9zGSoIFeMpXKxa4dYeZIQqewQ==",
      "dev": true
    },
    "minimatch": {
      "version": "3.0.4",
      "resolved": "https://registry.npmjs.org/minimatch/-/minimatch-3.0.4.tgz",
      "integrity": "sha512-yJHVQEhyqPLUTgt9B83PXu6W3rx4MvvHvSUvToogpwoGDOUQ+yDrR0HRot+yOCdCO7u4hX3pWft6kWBBcqh0UA==",
      "dev": true,
      "requires": {
        "brace-expansion": "^1.1.7"
      }
    },
    "minimist": {
      "version": "0.0.8",
      "resolved": "https://registry.npmjs.org/minimist/-/minimist-0.0.8.tgz",
      "integrity": "sha1-hX/Kv8M5fSYluCKCYuhqp6ARsF0=",
      "dev": true
    },
    "mkdirp": {
      "version": "0.5.1",
      "resolved": "https://registry.npmjs.org/mkdirp/-/mkdirp-0.5.1.tgz",
      "integrity": "sha1-MAV0OOrGz3+MR2fzhkjWaX11yQM=",
      "dev": true,
      "requires": {
        "minimist": "0.0.8"
      }
    },
    "ms": {
      "version": "2.1.2",
      "resolved": "https://registry.npmjs.org/ms/-/ms-2.1.2.tgz",
      "integrity": "sha512-sGkPx+VjMtmA6MX27oA4FBFELFCZZ4S4XqeGOXCv68tT+jb3vk/RyaKWP0PTKyWtmLSM0b+adUTEvbs1PEaH2w==",
      "dev": true
    },
    "once": {
      "version": "1.4.0",
      "resolved": "https://registry.npmjs.org/once/-/once-1.4.0.tgz",
      "integrity": "sha1-WDsap3WWHUsROsF9nFC6753Xa9E=",
      "dev": true,
      "requires": {
        "wrappy": "1"
      }
    },
    "path-is-absolute": {
      "version": "1.0.1",
      "resolved": "https://registry.npmjs.org/path-is-absolute/-/path-is-absolute-1.0.1.tgz",
      "integrity": "sha1-F0uSaHNVNP+8es5r9TpanhtcX18=",
      "dev": true
    },
    "prettier": {
      "version": "1.19.1",
      "resolved": "https://registry.npmjs.org/prettier/-/prettier-1.19.1.tgz",
      "integrity": "sha512-s7PoyDv/II1ObgQunCbB9PdLmUcBZcnWOcxDh7O0N/UwDEsHyqkW+Qh28jW+mVuCdx7gLB0BotYI1Y6uI9iyew==",
      "dev": true
    },
    "requirejs": {
      "version": "2.3.6",
      "resolved": "https://registry.npmjs.org/requirejs/-/requirejs-2.3.6.tgz",
      "integrity": "sha512-ipEzlWQe6RK3jkzikgCupiTbTvm4S0/CAU5GlgptkN5SO6F3u0UD0K18wy6ErDqiCyP4J4YYe1HuAShvsxePLg=="
    },
    "rollup": {
      "version": "1.26.0",
      "resolved": "https://registry.npmjs.org/rollup/-/rollup-1.26.0.tgz",
      "integrity": "sha512-5HljNYn9icFvXX+Oe97qY5TWvnWhKqgGT0HGeWWqFPx7w7+Anzg7dfHMtUif7YYy6QxAgynDSwK6uxbgcrVUxw==",
      "dev": true,
      "requires": {
        "@types/estree": "*",
        "@types/node": "*",
        "acorn": "^7.1.0"
      }
    },
    "sax": {
      "version": "0.5.8",
      "resolved": "https://registry.npmjs.org/sax/-/sax-0.5.8.tgz",
      "integrity": "sha1-1HLbIo6zMcJQaw6MFVJK25OdEsE=",
      "dev": true
    },
    "source-map": {
      "version": "0.1.43",
      "resolved": "https://registry.npmjs.org/source-map/-/source-map-0.1.43.tgz",
      "integrity": "sha1-wkvBRspRfBRx9drL4lcbK3+eM0Y=",
      "dev": true,
      "requires": {
        "amdefine": ">=0.0.4"
      }
    },
    "stylus": {
      "version": "0.54.5",
      "resolved": "https://registry.npmjs.org/stylus/-/stylus-0.54.5.tgz",
      "integrity": "sha1-QrlWCTHKcJDOhRWnmLqeaqPW3Hk=",
      "dev": true,
      "requires": {
        "css-parse": "1.7.x",
        "debug": "*",
        "glob": "7.0.x",
        "mkdirp": "0.5.x",
        "sax": "0.5.x",
        "source-map": "0.1.x"
      }
    },
    "tslib": {
      "version": "1.10.0",
      "resolved": "https://registry.npmjs.org/tslib/-/tslib-1.10.0.tgz",
      "integrity": "sha512-qOebF53frne81cf0S9B41ByenJ3/IuH8yJKngAX35CmiZySA0khhkovshKK+jGCaMnVomla7gVlIcc3EvKPbTQ=="
    },
    "typescript": {
      "version": "3.7.2",
      "resolved": "https://registry.npmjs.org/typescript/-/typescript-3.7.2.tgz",
      "integrity": "sha512-ml7V7JfiN2Xwvcer+XAf2csGO1bPBdRbFCkYBczNZggrBZ9c7G3riSUeJmqEU5uOtXNPMhE3n+R4FA/3YOAWOQ==",
      "dev": true
    },
    "wrappy": {
      "version": "1.0.2",
      "resolved": "https://registry.npmjs.org/wrappy/-/wrappy-1.0.2.tgz",
      "integrity": "sha1-tSQ9jz7BqjXxNkYFvA0QNuMKtp8=",
      "dev": true
    },
    "ws": {
      "version": "7.2.0",
      "resolved": "https://registry.npmjs.org/ws/-/ws-7.2.0.tgz",
      "integrity": "sha512-+SqNqFbwTm/0DC18KYzIsMTnEWpLwJsiasW/O17la4iDRRIO9uaHbvKiAS3AHgTiuuWerK/brj4O6MYZkei9xg==",
      "requires": {
        "async-limiter": "^1.0.0"
      }
    }
  }
}
